// !$*UTF8*$!
{
	archiveVersion = 1;
	classes = {
	};
	objectVersion = 46;
	objects = {

/* Begin PBXBuildFile section */
		D768ACA21EC16D5F0097CAC7 /* JYSwipeTableViewCell.swift in Sources */ = {isa = PBXBuildFile; fileRef = D768ACA01EC16D5F0097CAC7 /* JYSwipeTableViewCell.swift */; };
		D768ACA31EC16D5F0097CAC7 /* JYSwipeTableViewCell.xib in Resources */ = {isa = PBXBuildFile; fileRef = D768ACA11EC16D5F0097CAC7 /* JYSwipeTableViewCell.xib */; };
		D7992AB01EC06FAD00969EE1 /* AppDelegate.swift in Sources */ = {isa = PBXBuildFile; fileRef = D7992AAF1EC06FAD00969EE1 /* AppDelegate.swift */; };
		D7992AB21EC06FAD00969EE1 /* ViewController.swift in Sources */ = {isa = PBXBuildFile; fileRef = D7992AB11EC06FAD00969EE1 /* ViewController.swift */; };
		D7992AB51EC06FAD00969EE1 /* Main.storyboard in Resources */ = {isa = PBXBuildFile; fileRef = D7992AB31EC06FAD00969EE1 /* Main.storyboard */; };
		D7992AB71EC06FAD00969EE1 /* Assets.xcassets in Resources */ = {isa = PBXBuildFile; fileRef = D7992AB61EC06FAD00969EE1 /* Assets.xcassets */; };
		D7992ABA1EC06FAD00969EE1 /* LaunchScreen.storyboard in Resources */ = {isa = PBXBuildFile; fileRef = D7992AB81EC06FAD00969EE1 /* LaunchScreen.storyboard */; };
		D7992AC51EC06FAE00969EE1 /* JYSwipeTableViewCellDemoTests.swift in Sources */ = {isa = PBXBuildFile; fileRef = D7992AC41EC06FAE00969EE1 /* JYSwipeTableViewCellDemoTests.swift */; };
		D7992AD01EC06FAE00969EE1 /* JYSwipeTableViewCellDemoUITests.swift in Sources */ = {isa = PBXBuildFile; fileRef = D7992ACF1EC06FAE00969EE1 /* JYSwipeTableViewCellDemoUITests.swift */; };
/* End PBXBuildFile section */

/* Begin PBXContainerItemProxy section */
		D7992AC11EC06FAD00969EE1 /* PBXContainerItemProxy */ = {
			isa = PBXContainerItemProxy;
			containerPortal = D7992AA41EC06FAD00969EE1 /* Project object */;
			proxyType = 1;
			remoteGlobalIDString = D7992AAB1EC06FAD00969EE1;
			remoteInfo = JYSwipeTableViewCellDemo;
		};
		D7992ACC1EC06FAE00969EE1 /* PBXContainerItemProxy */ = {
			isa = PBXContainerItemProxy;
			containerPortal = D7992AA41EC06FAD00969EE1 /* Project object */;
			proxyType = 1;
			remoteGlobalIDString = D7992AAB1EC06FAD00969EE1;
			remoteInfo = JYSwipeTableViewCellDemo;
		};
/* End PBXContainerItemProxy section */

/* Begin PBXFileReference section */
		D768ACA01EC16D5F0097CAC7 /* JYSwipeTableViewCell.swift */ = {isa = PBXFileReference; fileEncoding = 4; lastKnownFileType = sourcecode.swift; path = JYSwipeTableViewCell.swift; sourceTree = "<group>"; };
		D768ACA11EC16D5F0097CAC7 /* JYSwipeTableViewCell.xib */ = {isa = PBXFileReference; fileEncoding = 4; lastKnownFileType = file.xib; path = JYSwipeTableViewCell.xib; sourceTree = "<group>"; };
		D7992AAC1EC06FAD00969EE1 /* JYSwipeTableViewCellDemo.app */ = {isa = PBXFileReference; explicitFileType = wrapper.application; includeInIndex = 0; path = JYSwipeTableViewCellDemo.app; sourceTree = BUILT_PRODUCTS_DIR; };
		D7992AAF1EC06FAD00969EE1 /* AppDelegate.swift */ = {isa = PBXFileReference; lastKnownFileType = sourcecode.swift; path = AppDelegate.swift; sourceTree = "<group>"; };
		D7992AB11EC06FAD00969EE1 /* ViewController.swift */ = {isa = PBXFileReference; lastKnownFileType = sourcecode.swift; path = ViewController.swift; sourceTree = "<group>"; };
		D7992AB41EC06FAD00969EE1 /* Base */ = {isa = PBXFileReference; lastKnownFileType = file.storyboard; name = Base; path = Base.lproj/Main.storyboard; sourceTree = "<group>"; };
		D7992AB61EC06FAD00969EE1 /* Assets.xcassets */ = {isa = PBXFileReference; lastKnownFileType = folder.assetcatalog; path = Assets.xcassets; sourceTree = "<group>"; };
		D7992AB91EC06FAD00969EE1 /* Base */ = {isa = PBXFileReference; lastKnownFileType = file.storyboard; name = Base; path = Base.lproj/LaunchScreen.storyboard; sourceTree = "<group>"; };
		D7992ABB1EC06FAD00969EE1 /* Info.plist */ = {isa = PBXFileReference; lastKnownFileType = text.plist.xml; path = Info.plist; sourceTree = "<group>"; };
		D7992AC01EC06FAD00969EE1 /* JYSwipeTableViewCellDemoTests.xctest */ = {isa = PBXFileReference; explicitFileType = wrapper.cfbundle; includeInIndex = 0; path = JYSwipeTableViewCellDemoTests.xctest; sourceTree = BUILT_PRODUCTS_DIR; };
		D7992AC41EC06FAE00969EE1 /* JYSwipeTableViewCellDemoTests.swift */ = {isa = PBXFileReference; lastKnownFileType = sourcecode.swift; path = JYSwipeTableViewCellDemoTests.swift; sourceTree = "<group>"; };
		D7992AC61EC06FAE00969EE1 /* Info.plist */ = {isa = PBXFileReference; lastKnownFileType = text.plist.xml; path = Info.plist; sourceTree = "<group>"; };
		D7992ACB1EC06FAE00969EE1 /* JYSwipeTableViewCellDemoUITests.xctest */ = {isa = PBXFileReference; explicitFileType = wrapper.cfbundle; includeInIndex = 0; path = JYSwipeTableViewCellDemoUITests.xctest; sourceTree = BUILT_PRODUCTS_DIR; };
		D7992ACF1EC06FAE00969EE1 /* JYSwipeTableViewCellDemoUITests.swift */ = {isa = PBXFileReference; lastKnownFileType = sourcecode.swift; path = JYSwipeTableViewCellDemoUITests.swift; sourceTree = "<group>"; };
		D7992AD11EC06FAE00969EE1 /* Info.plist */ = {isa = PBXFileReference; lastKnownFileType = text.plist.xml; path = Info.plist; sourceTree = "<group>"; };
/* End PBXFileReference section */

/* Begin PBXFrameworksBuildPhase section */
		D7992AA91EC06FAD00969EE1 /* Frameworks */ = {
			isa = PBXFrameworksBuildPhase;
			buildActionMask = 2147483647;
			files = (
			);
			runOnlyForDeploymentPostprocessing = 0;
		};
		D7992ABD1EC06FAD00969EE1 /* Frameworks */ = {
			isa = PBXFrameworksBuildPhase;
			buildActionMask = 2147483647;
			files = (
			);
			runOnlyForDeploymentPostprocessing = 0;
		};
		D7992AC81EC06FAE00969EE1 /* Frameworks */ = {
			isa = PBXFrameworksBuildPhase;
			buildActionMask = 2147483647;
			files = (
			);
			runOnlyForDeploymentPostprocessing = 0;
		};
/* End PBXFrameworksBuildPhase section */

/* Begin PBXGroup section */
		D7992AA31EC06FAD00969EE1 = {
			isa = PBXGroup;
			children = (
				D7992AAE1EC06FAD00969EE1 /* JYSwipeTableViewCellDemo */,
				D7992AC31EC06FAD00969EE1 /* JYSwipeTableViewCellDemoTests */,
				D7992ACE1EC06FAE00969EE1 /* JYSwipeTableViewCellDemoUITests */,
				D7992AAD1EC06FAD00969EE1 /* Products */,
			);
			sourceTree = "<group>";
		};
		D7992AAD1EC06FAD00969EE1 /* Products */ = {
			isa = PBXGroup;
			children = (
				D7992AAC1EC06FAD00969EE1 /* JYSwipeTableViewCellDemo.app */,
				D7992AC01EC06FAD00969EE1 /* JYSwipeTableViewCellDemoTests.xctest */,
				D7992ACB1EC06FAE00969EE1 /* JYSwipeTableViewCellDemoUITests.xctest */,
			);
			name = Products;
			sourceTree = "<group>";
		};
		D7992AAE1EC06FAD00969EE1 /* JYSwipeTableViewCellDemo */ = {
			isa = PBXGroup;
			children = (
				D7992ADD1EC06FC900969EE1 /* JYSwipeTableViewCell */,
				D7992AAF1EC06FAD00969EE1 /* AppDelegate.swift */,
				D7992AB11EC06FAD00969EE1 /* ViewController.swift */,
				D7992AB31EC06FAD00969EE1 /* Main.storyboard */,
				D7992AB61EC06FAD00969EE1 /* Assets.xcassets */,
				D7992AB81EC06FAD00969EE1 /* LaunchScreen.storyboard */,
				D7992ABB1EC06FAD00969EE1 /* Info.plist */,
			);
			path = JYSwipeTableViewCellDemo;
			sourceTree = "<group>";
		};
		D7992AC31EC06FAD00969EE1 /* JYSwipeTableViewCellDemoTests */ = {
			isa = PBXGroup;
			children = (
				D7992AC41EC06FAE00969EE1 /* JYSwipeTableViewCellDemoTests.swift */,
				D7992AC61EC06FAE00969EE1 /* Info.plist */,
			);
			path = JYSwipeTableViewCellDemoTests;
			sourceTree = "<group>";
		};
		D7992ACE1EC06FAE00969EE1 /* JYSwipeTableViewCellDemoUITests */ = {
			isa = PBXGroup;
			children = (
				D7992ACF1EC06FAE00969EE1 /* JYSwipeTableViewCellDemoUITests.swift */,
				D7992AD11EC06FAE00969EE1 /* Info.plist */,
			);
			path = JYSwipeTableViewCellDemoUITests;
			sourceTree = "<group>";
		};
		D7992ADD1EC06FC900969EE1 /* JYSwipeTableViewCell */ = {
			isa = PBXGroup;
			children = (
				D768ACA01EC16D5F0097CAC7 /* JYSwipeTableViewCell.swift */,
				D768ACA11EC16D5F0097CAC7 /* JYSwipeTableViewCell.xib */,
			);
			path = JYSwipeTableViewCell;
			sourceTree = "<group>";
		};
/* End PBXGroup section */

/* Begin PBXNativeTarget section */
		D7992AAB1EC06FAD00969EE1 /* JYSwipeTableViewCellDemo */ = {
			isa = PBXNativeTarget;
			buildConfigurationList = D7992AD41EC06FAE00969EE1 /* Build configuration list for PBXNativeTarget "JYSwipeTableViewCellDemo" */;
			buildPhases = (
				D7992AA81EC06FAD00969EE1 /* Sources */,
				D7992AA91EC06FAD00969EE1 /* Frameworks */,
				D7992AAA1EC06FAD00969EE1 /* Resources */,
			);
			buildRules = (
			);
			dependencies = (
			);
			name = JYSwipeTableViewCellDemo;
			productName = JYSwipeTableViewCellDemo;
			productReference = D7992AAC1EC06FAD00969EE1 /* JYSwipeTableViewCellDemo.app */;
			productType = "com.apple.product-type.application";
		};
		D7992ABF1EC06FAD00969EE1 /* JYSwipeTableViewCellDemoTests */ = {
			isa = PBXNativeTarget;
			buildConfigurationList = D7992AD71EC06FAE00969EE1 /* Build configuration list for PBXNativeTarget "JYSwipeTableViewCellDemoTests" */;
			buildPhases = (
				D7992ABC1EC06FAD00969EE1 /* Sources */,
				D7992ABD1EC06FAD00969EE1 /* Frameworks */,
				D7992ABE1EC06FAD00969EE1 /* Resources */,
			);
			buildRules = (
			);
			dependencies = (
				D7992AC21EC06FAD00969EE1 /* PBXTargetDependency */,
			);
			name = JYSwipeTableViewCellDemoTests;
			productName = JYSwipeTableViewCellDemoTests;
			productReference = D7992AC01EC06FAD00969EE1 /* JYSwipeTableViewCellDemoTests.xctest */;
			productType = "com.apple.product-type.bundle.unit-test";
		};
		D7992ACA1EC06FAE00969EE1 /* JYSwipeTableViewCellDemoUITests */ = {
			isa = PBXNativeTarget;
			buildConfigurationList = D7992ADA1EC06FAE00969EE1 /* Build configuration list for PBXNativeTarget "JYSwipeTableViewCellDemoUITests" */;
			buildPhases = (
				D7992AC71EC06FAE00969EE1 /* Sources */,
				D7992AC81EC06FAE00969EE1 /* Frameworks */,
				D7992AC91EC06FAE00969EE1 /* Resources */,
			);
			buildRules = (
			);
			dependencies = (
				D7992ACD1EC06FAE00969EE1 /* PBXTargetDependency */,
			);
			name = JYSwipeTableViewCellDemoUITests;
			productName = JYSwipeTableViewCellDemoUITests;
			productReference = D7992ACB1EC06FAE00969EE1 /* JYSwipeTableViewCellDemoUITests.xctest */;
			productType = "com.apple.product-type.bundle.ui-testing";
		};
/* End PBXNativeTarget section */

/* Begin PBXProject section */
		D7992AA41EC06FAD00969EE1 /* Project object */ = {
			isa = PBXProject;
			attributes = {
				LastSwiftUpdateCheck = 0830;
				LastUpgradeCheck = 0830;
				ORGANIZATIONNAME = "靳志远";
				TargetAttributes = {
					D7992AAB1EC06FAD00969EE1 = {
						CreatedOnToolsVersion = 8.3;
						DevelopmentTeam = Y2S2575EP7;
						ProvisioningStyle = Automatic;
					};
					D7992ABF1EC06FAD00969EE1 = {
						CreatedOnToolsVersion = 8.3;
						DevelopmentTeam = Y2S2575EP7;
						ProvisioningStyle = Automatic;
						TestTargetID = D7992AAB1EC06FAD00969EE1;
					};
					D7992ACA1EC06FAE00969EE1 = {
						CreatedOnToolsVersion = 8.3;
						DevelopmentTeam = Y2S2575EP7;
						ProvisioningStyle = Automatic;
						TestTargetID = D7992AAB1EC06FAD00969EE1;
					};
				};
			};
			buildConfigurationList = D7992AA71EC06FAD00969EE1 /* Build configuration list for PBXProject "JYSwipeTableViewCellDemo" */;
			compatibilityVersion = "Xcode 3.2";
			developmentRegion = English;
			hasScannedForEncodings = 0;
			knownRegions = (
				en,
				Base,
			);
			mainGroup = D7992AA31EC06FAD00969EE1;
			productRefGroup = D7992AAD1EC06FAD00969EE1 /* Products */;
			projectDirPath = "";
			projectRoot = "";
			targets = (
				D7992AAB1EC06FAD00969EE1 /* JYSwipeTableViewCellDemo */,
				D7992ABF1EC06FAD00969EE1 /* JYSwipeTableViewCellDemoTests */,
				D7992ACA1EC06FAE00969EE1 /* JYSwipeTableViewCellDemoUITests */,
			);
		};
/* End PBXProject section */

/* Begin PBXResourcesBuildPhase section */
		D7992AAA1EC06FAD00969EE1 /* Resources */ = {
			isa = PBXResourcesBuildPhase;
			buildActionMask = 2147483647;
			files = (
				D7992ABA1EC06FAD00969EE1 /* LaunchScreen.storyboard in Resources */,
				D768ACA31EC16D5F0097CAC7 /* JYSwipeTableViewCell.xib in Resources */,
				D7992AB71EC06FAD00969EE1 /* Assets.xcassets in Resources */,
				D7992AB51EC06FAD00969EE1 /* Main.storyboard in Resources */,
			);
			runOnlyForDeploymentPostprocessing = 0;
		};
		D7992ABE1EC06FAD00969EE1 /* Resources */ = {
			isa = PBXResourcesBuildPhase;
			buildActionMask = 2147483647;
			files = (
			);
			runOnlyForDeploymentPostprocessing = 0;
		};
		D7992AC91EC06FAE00969EE1 /* Resources */ = {
			isa = PBXResourcesBuildPhase;
			buildActionMask = 2147483647;
			files = (
			);
			runOnlyForDeploymentPostprocessing = 0;
		};
/* End PBXResourcesBuildPhase section */

/* Begin PBXSourcesBuildPhase section */
		D7992AA81EC06FAD00969EE1 /* Sources */ = {
			isa = PBXSourcesBuildPhase;
			buildActionMask = 2147483647;
			files = (
				D7992AB21EC06FAD00969EE1 /* ViewController.swift in Sources */,
				D768ACA21EC16D5F0097CAC7 /* JYSwipeTableViewCell.swift in Sources */,
				D7992AB01EC06FAD00969EE1 /* AppDelegate.swift in Sources */,
			);
			runOnlyForDeploymentPostprocessing = 0;
		};
		D7992ABC1EC06FAD00969EE1 /* Sources */ = {
			isa = PBXSourcesBuildPhase;
			buildActionMask = 2147483647;
			files = (
				D7992AC51EC06FAE00969EE1 /* JYSwipeTableViewCellDemoTests.swift in Sources */,
			);
			runOnlyForDeploymentPostprocessing = 0;
		};
		D7992AC71EC06FAE00969EE1 /* Sources */ = {
			isa = PBXSourcesBuildPhase;
			buildActionMask = 2147483647;
			files = (
				D7992AD01EC06FAE00969EE1 /* JYSwipeTableViewCellDemoUITests.swift in Sources */,
			);
			runOnlyForDeploymentPostprocessing = 0;
		};
/* End PBXSourcesBuildPhase section */

/* Begin PBXTargetDependency section */
		D7992AC21EC06FAD00969EE1 /* PBXTargetDependency */ = {
			isa = PBXTargetDependency;
			target = D7992AAB1EC06FAD00969EE1 /* JYSwipeTableViewCellDemo */;
			targetProxy = D7992AC11EC06FAD00969EE1 /* PBXContainerItemProxy */;
		};
		D7992ACD1EC06FAE00969EE1 /* PBXTargetDependency */ = {
			isa = PBXTargetDependency;
			target = D7992AAB1EC06FAD00969EE1 /* JYSwipeTableViewCellDemo */;
			targetProxy = D7992ACC1EC06FAE00969EE1 /* PBXContainerItemProxy */;
		};
/* End PBXTargetDependency section */

/* Begin PBXVariantGroup section */
		D7992AB31EC06FAD00969EE1 /* Main.storyboard */ = {
			isa = PBXVariantGroup;
			children = (
				D7992AB41EC06FAD00969EE1 /* Base */,
			);
			name = Main.storyboard;
			sourceTree = "<group>";
		};
		D7992AB81EC06FAD00969EE1 /* LaunchScreen.storyboard */ = {
			isa = PBXVariantGroup;
			children = (
				D7992AB91EC06FAD00969EE1 /* Base */,
			);
			name = LaunchScreen.storyboard;
			sourceTree = "<group>";
		};
/* End PBXVariantGroup section */

/* Begin XCBuildConfiguration section */
		D7992AD21EC06FAE00969EE1 /* Debug */ = {
			isa = XCBuildConfiguration;
			buildSettings = {
				ALWAYS_SEARCH_USER_PATHS = NO;
				CLANG_ANALYZER_NONNULL = YES;
				CLANG_ANALYZER_NUMBER_OBJECT_CONVERSION = YES_AGGRESSIVE;
				CLANG_CXX_LANGUAGE_STANDARD = "gnu++0x";
				CLANG_CXX_LIBRARY = "libc++";
				CLANG_ENABLE_MODULES = YES;
				CLANG_ENABLE_OBJC_ARC = YES;
				CLANG_WARN_BOOL_CONVERSION = YES;
				CLANG_WARN_CONSTANT_CONVERSION = YES;
				CLANG_WARN_DIRECT_OBJC_ISA_USAGE = YES_ERROR;
				CLANG_WARN_DOCUMENTATION_COMMENTS = YES;
				CLANG_WARN_EMPTY_BODY = YES;
				CLANG_WARN_ENUM_CONVERSION = YES;
				CLANG_WARN_INFINITE_RECURSION = YES;
				CLANG_WARN_INT_CONVERSION = YES;
				CLANG_WARN_OBJC_ROOT_CLASS = YES_ERROR;
				CLANG_WARN_SUSPICIOUS_MOVE = YES;
				CLANG_WARN_UNREACHABLE_CODE = YES;
				CLANG_WARN__DUPLICATE_METHOD_MATCH = YES;
				"CODE_SIGN_IDENTITY[sdk=iphoneos*]" = "iPhone Developer";
				COPY_PHASE_STRIP = NO;
				DEBUG_INFORMATION_FORMAT = dwarf;
				ENABLE_STRICT_OBJC_MSGSEND = YES;
				ENABLE_TESTABILITY = YES;
				GCC_C_LANGUAGE_STANDARD = gnu99;
				GCC_DYNAMIC_NO_PIC = NO;
				GCC_NO_COMMON_BLOCKS = YES;
				GCC_OPTIMIZATION_LEVEL = 0;
				GCC_PREPROCESSOR_DEFINITIONS = (
					"DEBUG=1",
					"$(inherited)",
				);
				GCC_WARN_64_TO_32_BIT_CONVERSION = YES;
				GCC_WARN_ABOUT_RETURN_TYPE = YES_ERROR;
				GCC_WARN_UNDECLARED_SELECTOR = YES;
				GCC_WARN_UNINITIALIZED_AUTOS = YES_AGGRESSIVE;
				GCC_WARN_UNUSED_FUNCTION = YES;
				GCC_WARN_UNUSED_VARIABLE = YES;
				IPHONEOS_DEPLOYMENT_TARGET = 10.3;
				MTL_ENABLE_DEBUG_INFO = YES;
				ONLY_ACTIVE_ARCH = YES;
				SDKROOT = iphoneos;
				SWIFT_ACTIVE_COMPILATION_CONDITIONS = DEBUG;
				SWIFT_OPTIMIZATION_LEVEL = "-Onone";
				TARGETED_DEVICE_FAMILY = "1,2";
			};
			name = Debug;
		};
		D7992AD31EC06FAE00969EE1 /* Release */ = {
			isa = XCBuildConfiguration;
			buildSettings = {
				ALWAYS_SEARCH_USER_PATHS = NO;
				CLANG_ANALYZER_NONNULL = YES;
				CLANG_ANALYZER_NUMBER_OBJECT_CONVERSION = YES_AGGRESSIVE;
				CLANG_CXX_LANGUAGE_STANDARD = "gnu++0x";
				CLANG_CXX_LIBRARY = "libc++";
				CLANG_ENABLE_MODULES = YES;
				CLANG_ENABLE_OBJC_ARC = YES;
				CLANG_WARN_BOOL_CONVERSION = YES;
				CLANG_WARN_CONSTANT_CONVERSION = YES;
				CLANG_WARN_DIRECT_OBJC_ISA_USAGE = YES_ERROR;
				CLANG_WARN_DOCUMENTATION_COMMENTS = YES;
				CLANG_WARN_EMPTY_BODY = YES;
				CLANG_WARN_ENUM_CONVERSION = YES;
				CLANG_WARN_INFINITE_RECURSION = YES;
				CLANG_WARN_INT_CONVERSION = YES;
				CLANG_WARN_OBJC_ROOT_CLASS = YES_ERROR;
				CLANG_WARN_SUSPICIOUS_MOVE = YES;
				CLANG_WARN_UNREACHABLE_CODE = YES;
				CLANG_WARN__DUPLICATE_METHOD_MATCH = YES;
				"CODE_SIGN_IDENTITY[sdk=iphoneos*]" = "iPhone Developer";
				COPY_PHASE_STRIP = NO;
				DEBUG_INFORMATION_FORMAT = "dwarf-with-dsym";
				ENABLE_NS_ASSERTIONS = NO;
				ENABLE_STRICT_OBJC_MSGSEND = YES;
				GCC_C_LANGUAGE_STANDARD = gnu99;
				GCC_NO_COMMON_BLOCKS = YES;
				GCC_WARN_64_TO_32_BIT_CONVERSION = YES;
				GCC_WARN_ABOUT_RETURN_TYPE = YES_ERROR;
				GCC_WARN_UNDECLARED_SELECTOR = YES;
				GCC_WARN_UNINITIALIZED_AUTOS = YES_AGGRESSIVE;
				GCC_WARN_UNUSED_FUNCTION = YES;
				GCC_WARN_UNUSED_VARIABLE = YES;
				IPHONEOS_DEPLOYMENT_TARGET = 10.3;
				MTL_ENABLE_DEBUG_INFO = NO;
				SDKROOT = iphoneos;
				SWIFT_OPTIMIZATION_LEVEL = "-Owholemodule";
				TARGETED_DEVICE_FAMILY = "1,2";
				VALIDATE_PRODUCT = YES;
			};
			name = Release;
		};
		D7992AD51EC06FAE00969EE1 /* Debug */ = {
			isa = XCBuildConfiguration;
			buildSettings = {
				ASSETCATALOG_COMPILER_APPICON_NAME = AppIcon;
				DEVELOPMENT_TEAM = Y2S2575EP7;
				INFOPLIST_FILE = JYSwipeTableViewCellDemo/Info.plist;
				LD_RUNPATH_SEARCH_PATHS = "$(inherited) @executable_path/Frameworks";
				PRODUCT_BUNDLE_IDENTIFIER = "-2345.JYSwipeTableViewCellDemo";
				PRODUCT_NAME = "$(TARGET_NAME)";
				SWIFT_VERSION = 3.0;
			};
			name = Debug;
		};
		D7992AD61EC06FAE00969EE1 /* Release */ = {
			isa = XCBuildConfiguration;
			buildSettings = {
				ASSETCATALOG_COMPILER_APPICON_NAME = AppIcon;
				DEVELOPMENT_TEAM = Y2S2575EP7;
				INFOPLIST_FILE = JYSwipeTableViewCellDemo/Info.plist;
				LD_RUNPATH_SEARCH_PATHS = "$(inherited) @executable_path/Frameworks";
				PRODUCT_BUNDLE_IDENTIFIER = "-2345.JYSwipeTableViewCellDemo";
				PRODUCT_NAME = "$(TARGET_NAME)";
				SWIFT_VERSION = 3.0;
			};
			name = Release;
		};
		D7992AD81EC06FAE00969EE1 /* Debug */ = {
			isa = XCBuildConfiguration;
			buildSettings = {
				ALWAYS_EMBED_SWIFT_STANDARD_LIBRARIES = YES;
				BUNDLE_LOADER = "$(TEST_HOST)";
				DEVELOPMENT_TEAM = Y2S2575EP7;
				INFOPLIST_FILE = JYSwipeTableViewCellDemoTests/Info.plist;
				LD_RUNPATH_SEARCH_PATHS = "$(inherited) @executable_path/Frameworks @loader_path/Frameworks";
				PRODUCT_BUNDLE_IDENTIFIER = "-2345.JYSwipeTableViewCellDemoTests";
				PRODUCT_NAME = "$(TARGET_NAME)";
				SWIFT_VERSION = 3.0;
				TEST_HOST = "$(BUILT_PRODUCTS_DIR)/JYSwipeTableViewCellDemo.app/JYSwipeTableViewCellDemo";
			};
			name = Debug;
		};
		D7992AD91EC06FAE00969EE1 /* Release */ = {
			isa = XCBuildConfiguration;
			buildSettings = {
				ALWAYS_EMBED_SWIFT_STANDARD_LIBRARIES = YES;
				BUNDLE_LOADER = "$(TEST_HOST)";
				DEVELOPMENT_TEAM = Y2S2575EP7;
				INFOPLIST_FILE = JYSwipeTableViewCellDemoTests/Info.plist;
				LD_RUNPATH_SEARCH_PATHS = "$(inherited) @executable_path/Frameworks @loader_path/Frameworks";
				PRODUCT_BUNDLE_IDENTIFIER = "-2345.JYSwipeTableViewCellDemoTests";
				PRODUCT_NAME = "$(TARGET_NAME)";
				SWIFT_VERSION = 3.0;
				TEST_HOST = "$(BUILT_PRODUCTS_DIR)/JYSwipeTableViewCellDemo.app/JYSwipeTableViewCellDemo";
			};
			name = Release;
		};
		D7992ADB1EC06FAE00969EE1 /* Debug */ = {
			isa = XCBuildConfiguration;
			buildSettings = {
				ALWAYS_EMBED_SWIFT_STANDARD_LIBRARIES = YES;
				DEVELOPMENT_TEAM = Y2S2575EP7;
				INFOPLIST_FILE = JYSwipeTableViewCellDemoUITests/Info.plist;
				LD_RUNPATH_SEARCH_PATHS = "$(inherited) @executable_path/Frameworks @loader_path/Frameworks";
				PRODUCT_BUNDLE_IDENTIFIER = "-2345.JYSwipeTableViewCellDemoUITests";
				PRODUCT_NAME = "$(TARGET_NAME)";
				SWIFT_VERSION = 3.0;
				TEST_TARGET_NAME = JYSwipeTableViewCellDemo;
			};
			name = Debug;
		};
		D7992ADC1EC06FAE00969EE1 /* Release */ = {
			isa = XCBuildConfiguration;
			buildSettings = {
				ALWAYS_EMBED_SWIFT_STANDARD_LIBRARIES = YES;
				DEVELOPMENT_TEAM = Y2S2575EP7;
				INFOPLIST_FILE = JYSwipeTableViewCellDemoUITests/Info.plist;
				LD_RUNPATH_SEARCH_PATHS = "$(inherited) @executable_path/Frameworks @loader_path/Frameworks";
				PRODUCT_BUNDLE_IDENTIFIER = "-2345.JYSwipeTableViewCellDemoUITests";
				PRODUCT_NAME = "$(TARGET_NAME)";
				SWIFT_VERSION = 3.0;
				TEST_TARGET_NAME = JYSwipeTableViewCellDemo;
			};
			name = Release;
		};
/* End XCBuildConfiguration section */

/* Begin XCConfigurationList section */
		D7992AA71EC06FAD00969EE1 /* Build configuration list for PBXProject "JYSwipeTableViewCellDemo" */ = {
			isa = XCConfigurationList;
			buildConfigurations = (
				D7992AD21EC06FAE00969EE1 /* Debug */,
				D7992AD31EC06FAE00969EE1 /* Release */,
			);
			defaultConfigurationIsVisible = 0;
			defaultConfigurationName = Release;
		};
		D7992AD41EC06FAE00969EE1 /* Build configuration list for PBXNativeTarget "JYSwipeTableViewCellDemo" */ = {
			isa = XCConfigurationList;
			buildConfigurations = (
				D7992AD51EC06FAE00969EE1 /* Debug */,
				D7992AD61EC06FAE00969EE1 /* Release */,
			);
			defaultConfigurationIsVisible = 0;
			defaultConfigurationName = Release;
		};
		D7992AD71EC06FAE00969EE1 /* Build configuration list for PBXNativeTarget "JYSwipeTableViewCellDemoTests" */ = {
			isa = XCConfigurationList;
			buildConfigurations = (
				D7992AD81EC06FAE00969EE1 /* Debug */,
				D7992AD91EC06FAE00969EE1 /* Release */,
			);
			defaultConfigurationIsVisible = 0;
			defaultConfigurationName = Release;
		};
		D7992ADA1EC06FAE00969EE1 /* Build configuration list for PBXNativeTarget "JYSwipeTableViewCellDemoUITests" */ = {
			isa = XCConfigurationList;
			buildConfigurations = (
				D7992ADB1EC06FAE00969EE1 /* Debug */,
				D7992ADC1EC06FAE00969EE1 /* Release */,
			);
			defaultConfigurationIsVisible = 0;
			defaultConfigurationName = Release;
		};
/* End XCConfigurationList section */
	};
	rootObject = D7992AA41EC06FAD00969EE1 /* Project object */;
}
